Microsoft Visual Studio Solution File, Format Version 12.00
# Visual Studio Version 17
VisualStudioVersion = 17.5.2.0
MinimumVisualStudioVersion = 10.0.40219.1
Project("{FAE04EC0-301F-11D3-BF4B-00C04F79EFBC}") = "main", "main\main.csproj", "{C3D7B9B6-5110-359F-2AE5-BAB6DD2C5537}"
EndProject
Project("{FAE04EC0-301F-11D3-BF4B-00C04F79EFBC}") = "main.Core", "main.Core\main.Core.csproj", "{54510603-F244-E839-A630-504B21FAE5C3}"
EndProject
Project("{FAE04EC0-301F-11D3-BF4B-00C04F79EFBC}") = "main.Core.Tests", "main.Core.Tests\main.Core.Tests.csproj", "{E55750E5-90BB-6A20-F599-2D5C51D2086B}"
EndProject
Project("{2150E333-8FDC-42A3-9474-1A3956D46DE8}") = "main", "main", "{4ED84258-AC28-DE93-F274-79AADBA57FF4}"
EndProject
Project("{2150E333-8FDC-42A3-9474-1A3956D46DE8}") = "obj", "obj", "{50985F2A-796E-1FA3-9C03-BDF42FCBB6AC}"
EndProject
Project("{2150E333-8FDC-42A3-9474-1A3956D46DE8}") = "Release", "Release", "{19DE90D6-3094-3233-FB70-232807F2A5B3}"
EndProject
Project("{2150E333-8FDC-42A3-9474-1A3956D46DE8}") = "net8.0", "net8.0", "{8C6A3ABA-E31D-69A1-8AD1-785D54448E8F}"
EndProject
Project("{FAE04EC0-301F-11D3-BF4B-00C04F79EFBC}") = "WorkerExtensions", "main\obj\Release\net8.0\WorkerExtensions\WorkerExtensions.csproj", "{99BDC92F-65E8-3668-3FDD-488E03B3E40C}"
EndProject
Project("{2150E333-8FDC-42A3-9474-1A3956D46DE8}") = "win-x64", "win-x64", "{CC962A0C-5EDB-2767-7DAB-159942C084E8}"
EndProject
Project("{FAE04EC0-301F-11D3-BF4B-00C04F79EFBC}") = "WorkerExtensions", "main\obj\Release\net8.0\win-x64\WorkerExtensions\WorkerExtensions.csproj", "{CF40D7A1-DF4A-1577-E760-A8E24BB96BF2}"
EndProject
Global
	GlobalSection(SolutionConfigurationPlatforms) = preSolution
		Debug|Any CPU = Debug|Any CPU
		Release|Any CPU = Release|Any CPU
	EndGlobalSection
	GlobalSection(ProjectConfigurationPlatforms) = postSolution
		{C3D7B9B6-5110-359F-2AE5-BAB6DD2C5537}.Debug|Any CPU.ActiveCfg = Debug|Any CPU
		{C3D7B9B6-5110-359F-2AE5-BAB6DD2C5537}.Debug|Any CPU.Build.0 = Debug|Any CPU
		{C3D7B9B6-5110-359F-2AE5-BAB6DD2C5537}.Release|Any CPU.ActiveCfg = Release|Any CPU
		{C3D7B9B6-5110-359F-2AE5-BAB6DD2C5537}.Release|Any CPU.Build.0 = Release|Any CPU
		{54510603-F244-E839-A630-504B21FAE5C3}.Debug|Any CPU.ActiveCfg = Debug|Any CPU
		{54510603-F244-E839-A630-504B21FAE5C3}.Debug|Any CPU.Build.0 = Debug|Any CPU
		{54510603-F244-E839-A630-504B21FAE5C3}.Release|Any CPU.ActiveCfg = Release|Any CPU
		{54510603-F244-E839-A630-504B21FAE5C3}.Release|Any CPU.Build.0 = Release|Any CPU
		{E55750E5-90BB-6A20-F599-2D5C51D2086B}.Debug|Any CPU.ActiveCfg = Debug|Any CPU
		{E55750E5-90BB-6A20-F599-2D5C51D2086B}.Debug|Any CPU.Build.0 = Debug|Any CPU
		{E55750E5-90BB-6A20-F599-2D5C51D2086B}.Release|Any CPU.ActiveCfg = Release|Any CPU
		{E55750E5-90BB-6A20-F599-2D5C51D2086B}.Release|Any CPU.Build.0 = Release|Any CPU
		{99BDC92F-65E8-3668-3FDD-488E03B3E40C}.Debug|Any CPU.ActiveCfg = Debug|Any CPU
		{99BDC92F-65E8-3668-3FDD-488E03B3E40C}.Debug|Any CPU.Build.0 = Debug|Any CPU
		{99BDC92F-65E8-3668-3FDD-488E03B3E40C}.Release|Any CPU.ActiveCfg = Release|Any CPU
		{99BDC92F-65E8-3668-3FDD-488E03B3E40C}.Release|Any CPU.Build.0 = Release|Any CPU
		{CF40D7A1-DF4A-1577-E760-A8E24BB96BF2}.Debug|Any CPU.ActiveCfg = Debug|Any CPU
		{CF40D7A1-DF4A-1577-E760-A8E24BB96BF2}.Debug|Any CPU.Build.0 = Debug|Any CPU
		{CF40D7A1-DF4A-1577-E760-A8E24BB96BF2}.Release|Any CPU.ActiveCfg = Release|Any CPU
		{CF40D7A1-DF4A-1577-E760-A8E24BB96BF2}.Release|Any CPU.Build.0 = Release|Any CPU
	EndGlobalSection
	GlobalSection(SolutionProperties) = preSolution
		HideSolutionNode = FALSE
	EndGlobalSection
	GlobalSection(NestedProjects) = preSolution
		{50985F2A-796E-1FA3-9C03-BDF42FCBB6AC} = {4ED84258-AC28-DE93-F274-79AADBA57FF4}
		{19DE90D6-3094-3233-FB70-232807F2A5B3} = {50985F2A-796E-1FA3-9C03-BDF42FCBB6AC}
		{8C6A3ABA-E31D-69A1-8AD1-785D54448E8F} = {19DE90D6-3094-3233-FB70-232807F2A5B3}
		{99BDC92F-65E8-3668-3FDD-488E03B3E40C} = {8C6A3ABA-E31D-69A1-8AD1-785D54448E8F}
		{CC962A0C-5EDB-2767-7DAB-159942C084E8} = {8C6A3ABA-E31D-69A1-8AD1-785D54448E8F}
		{CF40D7A1-DF4A-1577-E760-A8E24BB96BF2} = {CC962A0C-5EDB-2767-7DAB-159942C084E8}
	EndGlobalSection
	GlobalSection(ExtensibilityGlobals) = postSolution
		SolutionGuid = {550802C3-504F-4873-ADD2-5364EB5DAB9F}
	EndGlobalSection
EndGlobal
